
Microsoft Visual Studio Solution File, Format Version 12.00
# Visual Studio Version 17
VisualStudioVersion = 17.14.36212.18 d17.14
MinimumVisualStudioVersion = 10.0.40219.1
Project("{FAE04EC0-301F-11D3-BF4B-00C04F79EFBC}") = "Restaurant_Project", "Restaurant_Project\Restaurant_Project.csproj", "{2F53D256-A309-4B6E-BEA4-04A9F755FA55}"
EndProject
Project("{FAE04EC0-301F-11D3-BF4B-00C04F79EFBC}") = "Domain", "Domain\Domain.csproj", "{D7FEA0D0-4BA9-49F7-A45D-B81EB02DB01F}"
EndProject
Project("{FAE04EC0-301F-11D3-BF4B-00C04F79EFBC}") = "DataAccess", "DataAccess\DataAccess.csproj", "{37D60463-1465-479C-B904-9D2942B9BE9F}"
EndProject
Project("{FAE04EC0-301F-11D3-BF4B-00C04F79EFBC}") = "Bizlayer", "Bizlayer\Bizlayer.csproj", "{30585620-5D36-492F-8210-CA6B8E0B61A2}"
EndProject
Global
	GlobalSection(SolutionConfigurationPlatforms) = preSolution
		Debug|Any CPU = Debug|Any CPU
		Release|Any CPU = Release|Any CPU
	EndGlobalSection
	GlobalSection(ProjectConfigurationPlatforms) = postSolution
		{2F53D256-A309-4B6E-BEA4-04A9F755FA55}.Debug|Any CPU.ActiveCfg = Debug|Any CPU
		{2F53D256-A309-4B6E-BEA4-04A9F755FA55}.Debug|Any CPU.Build.0 = Debug|Any CPU
		{2F53D256-A309-4B6E-BEA4-04A9F755FA55}.Release|Any CPU.ActiveCfg = Release|Any CPU
		{2F53D256-A309-4B6E-BEA4-04A9F755FA55}.Release|Any CPU.Build.0 = Release|Any CPU
		{D7FEA0D0-4BA9-49F7-A45D-B81EB02DB01F}.Debug|Any CPU.ActiveCfg = Debug|Any CPU
		{D7FEA0D0-4BA9-49F7-A45D-B81EB02DB01F}.Debug|Any CPU.Build.0 = Debug|Any CPU
		{D7FEA0D0-4BA9-49F7-A45D-B81EB02DB01F}.Release|Any CPU.ActiveCfg = Release|Any CPU
		{D7FEA0D0-4BA9-49F7-A45D-B81EB02DB01F}.Release|Any CPU.Build.0 = Release|Any CPU
		{37D60463-1465-479C-B904-9D2942B9BE9F}.Debug|Any CPU.ActiveCfg = Debug|Any CPU
		{37D60463-1465-479C-B904-9D2942B9BE9F}.Debug|Any CPU.Build.0 = Debug|Any CPU
		{37D60463-1465-479C-B904-9D2942B9BE9F}.Release|Any CPU.ActiveCfg = Release|Any CPU
		{37D60463-1465-479C-B904-9D2942B9BE9F}.Release|Any CPU.Build.0 = Release|Any CPU
		{30585620-5D36-492F-8210-CA6B8E0B61A2}.Debug|Any CPU.ActiveCfg = Debug|Any CPU
		{30585620-5D36-492F-8210-CA6B8E0B61A2}.Debug|Any CPU.Build.0 = Debug|Any CPU
		{30585620-5D36-492F-8210-CA6B8E0B61A2}.Release|Any CPU.ActiveCfg = Release|Any CPU
		{30585620-5D36-492F-8210-CA6B8E0B61A2}.Release|Any CPU.Build.0 = Release|Any CPU
	EndGlobalSection
	GlobalSection(SolutionProperties) = preSolution
		HideSolutionNode = FALSE
	EndGlobalSection
	GlobalSection(ExtensibilityGlobals) = postSolution
		SolutionGuid = {D045AD32-3905-4B57-8F06-27CF8F43DB67}
	EndGlobalSection
EndGlobal
